{
  "lockfileVersion": 1,
  "dependencies": {
    "ifun": {
      "version": "https://registry.npmjs.org/ifun/-/ifun-0.2.5.tgz",
      "integrity": "sha1-bEXLgJW2F+4CWjizZbowJX+yn24="
    },
    "jquery": {
      "version": "https://registry.npm.taobao.org/jquery/download/jquery-3.2.1.tgz",
      "integrity": "sha1-XE2d5lKvbNCncBVKYxu6ErAVx4c="
    },
    "seekjs": {
      "version": "github:seekjs/sk2#b9fe7c0943c02c3e07ea9b488d9c02c02206424a"
    },
    "seekjs-plugin-lyrics": {
      "version": "https://registry.npmjs.org/seekjs-plugin-lyrics/-/seekjs-plugin-lyrics-1.0.0.tgz",
      "integrity": "sha1-Xx8Na3dbRw92fMe0eNOZpMCU8aI="
    }
  }
}
